// !$*UTF8*$!
{
	archiveVersion = 1;
	classes = {
	};
	objectVersion = 51;
	objects = {

/* Begin PBXBuildFile section */
		053A484DF47384304EAD3081 /* Pods_client_server.framework in Frameworks */ = {isa = PBXBuildFile; fileRef = 118CA598F47F0E425A25189C /* Pods_client_server.framework */; };
		F83F9E51266CA2BA008605EE /* AppDelegate.swift in Sources */ = {isa = PBXBuildFile; fileRef = F83F9E50266CA2BA008605EE /* AppDelegate.swift */; };
		F83F9E53266CA2BA008605EE /* SceneDelegate.swift in Sources */ = {isa = PBXBuildFile; fileRef = F83F9E52266CA2BA008605EE /* SceneDelegate.swift */; };
		F83F9E55266CA2BA008605EE /* ViewController.swift in Sources */ = {isa = PBXBuildFile; fileRef = F83F9E54266CA2BA008605EE /* ViewController.swift */; };
		F83F9E58266CA2BA008605EE /* Main.storyboard in Resources */ = {isa = PBXBuildFile; fileRef = F83F9E56266CA2BA008605EE /* Main.storyboard */; };
		F83F9E5A266CA2C3008605EE /* Assets.xcassets in Resources */ = {isa = PBXBuildFile; fileRef = F83F9E59266CA2C3008605EE /* Assets.xcassets */; };
		F83F9E5D266CA2C3008605EE /* LaunchScreen.storyboard in Resources */ = {isa = PBXBuildFile; fileRef = F83F9E5B266CA2C3008605EE /* LaunchScreen.storyboard */; };
		F83F9E6F266CCFEF008605EE /* AccountViewController.swift in Sources */ = {isa = PBXBuildFile; fileRef = F83F9E6E266CCFEF008605EE /* AccountViewController.swift */; };
		F83F9E72266CD005008605EE /* DetailAccountViewController.swift in Sources */ = {isa = PBXBuildFile; fileRef = F83F9E71266CD005008605EE /* DetailAccountViewController.swift */; };
		F83F9E76266CD199008605EE /* Account.swift in Sources */ = {isa = PBXBuildFile; fileRef = F83F9E75266CD199008605EE /* Account.swift */; };
		F83F9E7E266D224D008605EE /* AuthViewController.swift in Sources */ = {isa = PBXBuildFile; fileRef = F83F9E7D266D224D008605EE /* AuthViewController.swift */; };
		F83F9E822671D24E008605EE /* User.swift in Sources */ = {isa = PBXBuildFile; fileRef = F83F9E812671D24E008605EE /* User.swift */; };
		F83F9E852671D259008605EE /* Group.swift in Sources */ = {isa = PBXBuildFile; fileRef = F83F9E842671D259008605EE /* Group.swift */; };
		F83F9E882671D261008605EE /* Photo.swift in Sources */ = {isa = PBXBuildFile; fileRef = F83F9E872671D261008605EE /* Photo.swift */; };
		F83F9E9F2678B49A008605EE /* NetworkService.swift in Sources */ = {isa = PBXBuildFile; fileRef = F83F9E9E2678B49A008605EE /* NetworkService.swift */; };
		F83F9EA22678B59F008605EE /* FriendsTableViewController.swift in Sources */ = {isa = PBXBuildFile; fileRef = F83F9EA12678B59F008605EE /* FriendsTableViewController.swift */; };
		F83F9EA72678B5B4008605EE /* FriendsTableViewCell.swift in Sources */ = {isa = PBXBuildFile; fileRef = F83F9EA52678B5B4008605EE /* FriendsTableViewCell.swift */; };
		F83F9EA82678B5B4008605EE /* FriendsTableViewCell.xib in Resources */ = {isa = PBXBuildFile; fileRef = F83F9EA62678B5B4008605EE /* FriendsTableViewCell.xib */; };
		F83F9EB12678B9A4008605EE /* JSONData.swift in Sources */ = {isa = PBXBuildFile; fileRef = F83F9EB02678B9A4008605EE /* JSONData.swift */; };
/* End PBXBuildFile section */

/* Begin PBXFileReference section */
		118CA598F47F0E425A25189C /* Pods_client_server.framework */ = {isa = PBXFileReference; explicitFileType = wrapper.framework; includeInIndex = 0; path = Pods_client_server.framework; sourceTree = BUILT_PRODUCTS_DIR; };
		6EED0EBB79FCE98D0B9C00D1 /* Pods-client-server.release.xcconfig */ = {isa = PBXFileReference; includeInIndex = 1; lastKnownFileType = text.xcconfig; name = "Pods-client-server.release.xcconfig"; path = "Target Support Files/Pods-client-server/Pods-client-server.release.xcconfig"; sourceTree = "<group>"; };
		7D3C54A8355748674D070ED1 /* Pods-client-server.debug.xcconfig */ = {isa = PBXFileReference; includeInIndex = 1; lastKnownFileType = text.xcconfig; name = "Pods-client-server.debug.xcconfig"; path = "Target Support Files/Pods-client-server/Pods-client-server.debug.xcconfig"; sourceTree = "<group>"; };
		F83F9E4D266CA2BA008605EE /* client-server.app */ = {isa = PBXFileReference; explicitFileType = wrapper.application; includeInIndex = 0; path = "client-server.app"; sourceTree = BUILT_PRODUCTS_DIR; };
		F83F9E50266CA2BA008605EE /* AppDelegate.swift */ = {isa = PBXFileReference; lastKnownFileType = sourcecode.swift; path = AppDelegate.swift; sourceTree = "<group>"; };
		F83F9E52266CA2BA008605EE /* SceneDelegate.swift */ = {isa = PBXFileReference; lastKnownFileType = sourcecode.swift; path = SceneDelegate.swift; sourceTree = "<group>"; };
		F83F9E54266CA2BA008605EE /* ViewController.swift */ = {isa = PBXFileReference; lastKnownFileType = sourcecode.swift; path = ViewController.swift; sourceTree = "<group>"; };
		F83F9E57266CA2BA008605EE /* Base */ = {isa = PBXFileReference; lastKnownFileType = file.storyboard; name = Base; path = Base.lproj/Main.storyboard; sourceTree = "<group>"; };
		F83F9E59266CA2C3008605EE /* Assets.xcassets */ = {isa = PBXFileReference; lastKnownFileType = folder.assetcatalog; path = Assets.xcassets; sourceTree = "<group>"; };
		F83F9E5C266CA2C3008605EE /* Base */ = {isa = PBXFileReference; lastKnownFileType = file.storyboard; name = Base; path = Base.lproj/LaunchScreen.storyboard; sourceTree = "<group>"; };
		F83F9E5E266CA2C3008605EE /* Info.plist */ = {isa = PBXFileReference; lastKnownFileType = text.plist.xml; path = Info.plist; sourceTree = "<group>"; };
		F83F9E6E266CCFEF008605EE /* AccountViewController.swift */ = {isa = PBXFileReference; lastKnownFileType = sourcecode.swift; path = AccountViewController.swift; sourceTree = "<group>"; };
		F83F9E71266CD005008605EE /* DetailAccountViewController.swift */ = {isa = PBXFileReference; lastKnownFileType = sourcecode.swift; path = DetailAccountViewController.swift; sourceTree = "<group>"; };
		F83F9E75266CD199008605EE /* Account.swift */ = {isa = PBXFileReference; lastKnownFileType = sourcecode.swift; path = Account.swift; sourceTree = "<group>"; };
		F83F9E7D266D224D008605EE /* AuthViewController.swift */ = {isa = PBXFileReference; lastKnownFileType = sourcecode.swift; path = AuthViewController.swift; sourceTree = "<group>"; };
		F83F9E812671D24E008605EE /* User.swift */ = {isa = PBXFileReference; lastKnownFileType = sourcecode.swift; path = User.swift; sourceTree = "<group>"; };
		F83F9E842671D259008605EE /* Group.swift */ = {isa = PBXFileReference; lastKnownFileType = sourcecode.swift; path = Group.swift; sourceTree = "<group>"; };
		F83F9E872671D261008605EE /* Photo.swift */ = {isa = PBXFileReference; lastKnownFileType = sourcecode.swift; path = Photo.swift; sourceTree = "<group>"; };
		F83F9E9E2678B49A008605EE /* NetworkService.swift */ = {isa = PBXFileReference; lastKnownFileType = sourcecode.swift; path = NetworkService.swift; sourceTree = "<group>"; };
		F83F9EA12678B59F008605EE /* FriendsTableViewController.swift */ = {isa = PBXFileReference; lastKnownFileType = sourcecode.swift; path = FriendsTableViewController.swift; sourceTree = "<group>"; };
		F83F9EA52678B5B4008605EE /* FriendsTableViewCell.swift */ = {isa = PBXFileReference; lastKnownFileType = sourcecode.swift; path = FriendsTableViewCell.swift; sourceTree = "<group>"; };
		F83F9EA62678B5B4008605EE /* FriendsTableViewCell.xib */ = {isa = PBXFileReference; lastKnownFileType = file.xib; path = FriendsTableViewCell.xib; sourceTree = "<group>"; };
		F83F9EB02678B9A4008605EE /* JSONData.swift */ = {isa = PBXFileReference; lastKnownFileType = sourcecode.swift; path = JSONData.swift; sourceTree = "<group>"; };
/* End PBXFileReference section */

/* Begin PBXFrameworksBuildPhase section */
		F83F9E4A266CA2BA008605EE /* Frameworks */ = {
			isa = PBXFrameworksBuildPhase;
			buildActionMask = 2147483647;
			files = (
				053A484DF47384304EAD3081 /* Pods_client_server.framework in Frameworks */,
			);
			runOnlyForDeploymentPostprocessing = 0;
		};
/* End PBXFrameworksBuildPhase section */

/* Begin PBXGroup section */
		6A82089D7143D057D62A826C /* Frameworks */ = {
			isa = PBXGroup;
			children = (
				118CA598F47F0E425A25189C /* Pods_client_server.framework */,
			);
			name = Frameworks;
			sourceTree = "<group>";
		};
		6E60D6E8970803BDD2210E26 /* Pods */ = {
			isa = PBXGroup;
			children = (
				7D3C54A8355748674D070ED1 /* Pods-client-server.debug.xcconfig */,
				6EED0EBB79FCE98D0B9C00D1 /* Pods-client-server.release.xcconfig */,
			);
			path = Pods;
			sourceTree = "<group>";
		};
		F83F9E44266CA2BA008605EE = {
			isa = PBXGroup;
			children = (
				F83F9E4F266CA2BA008605EE /* client-server */,
				F83F9E4E266CA2BA008605EE /* Products */,
				6E60D6E8970803BDD2210E26 /* Pods */,
				6A82089D7143D057D62A826C /* Frameworks */,
			);
			sourceTree = "<group>";
		};
		F83F9E4E266CA2BA008605EE /* Products */ = {
			isa = PBXGroup;
			children = (
				F83F9E4D266CA2BA008605EE /* client-server.app */,
			);
			name = Products;
			sourceTree = "<group>";
		};
		F83F9E4F266CA2BA008605EE /* client-server */ = {
			isa = PBXGroup;
			children = (
				F83F9E65266CA348008605EE /* App */,
				F83F9E69266CA3C2008605EE /* Lesson-1 */,
				F83F9E78266D100A008605EE /* Lesson-2 */,
				F83F9E802671D210008605EE /* Lesson-3 */,
				F83F9E67266CA367008605EE /* Resources */,
			);
			path = "client-server";
			sourceTree = "<group>";
		};
		F83F9E65266CA348008605EE /* App */ = {
			isa = PBXGroup;
			children = (
				F83F9E50266CA2BA008605EE /* AppDelegate.swift */,
				F83F9E52266CA2BA008605EE /* SceneDelegate.swift */,
			);
			path = App;
			sourceTree = "<group>";
		};
		F83F9E67266CA367008605EE /* Resources */ = {
			isa = PBXGroup;
			children = (
				F83F9E9E2678B49A008605EE /* NetworkService.swift */,
				F83F9EB02678B9A4008605EE /* JSONData.swift */,
				F83F9E56266CA2BA008605EE /* Main.storyboard */,
				F83F9E59266CA2C3008605EE /* Assets.xcassets */,
				F83F9E5B266CA2C3008605EE /* LaunchScreen.storyboard */,
				F83F9E5E266CA2C3008605EE /* Info.plist */,
			);
			path = Resources;
			sourceTree = "<group>";
		};
		F83F9E69266CA3C2008605EE /* Lesson-1 */ = {
			isa = PBXGroup;
			children = (
				F83F9E6C266CC346008605EE /* Singleton */,
			);
			path = "Lesson-1";
			sourceTree = "<group>";
		};
		F83F9E6C266CC346008605EE /* Singleton */ = {
			isa = PBXGroup;
			children = (
				F83F9E54266CA2BA008605EE /* ViewController.swift */,
				F83F9E6E266CCFEF008605EE /* AccountViewController.swift */,
				F83F9E71266CD005008605EE /* DetailAccountViewController.swift */,
				F83F9E74266CD16B008605EE /* Service */,
			);
			path = Singleton;
			sourceTree = "<group>";
		};
		F83F9E74266CD16B008605EE /* Service */ = {
			isa = PBXGroup;
			children = (
				F83F9E75266CD199008605EE /* Account.swift */,
			);
			path = Service;
			sourceTree = "<group>";
		};
		F83F9E78266D100A008605EE /* Lesson-2 */ = {
			isa = PBXGroup;
			children = (
				F83F9E7D266D224D008605EE /* AuthViewController.swift */,
			);
			path = "Lesson-2";
			sourceTree = "<group>";
		};
		F83F9E802671D210008605EE /* Lesson-3 */ = {
			isa = PBXGroup;
			children = (
				F83F9EAA2678B5D5008605EE /* Friends */,
				F83F9E872671D261008605EE /* Photo.swift */,
				F83F9E842671D259008605EE /* Group.swift */,
			);
			path = "Lesson-3";
			sourceTree = "<group>";
		};
		F83F9EAA2678B5D5008605EE /* Friends */ = {
			isa = PBXGroup;
			children = (
				F83F9E812671D24E008605EE /* User.swift */,
				F83F9EA52678B5B4008605EE /* FriendsTableViewCell.swift */,
				F83F9EA62678B5B4008605EE /* FriendsTableViewCell.xib */,
				F83F9EA12678B59F008605EE /* FriendsTableViewController.swift */,
			);
			path = Friends;
			sourceTree = "<group>";
		};
/* End PBXGroup section */

/* Begin PBXNativeTarget section */
		F83F9E4C266CA2BA008605EE /* client-server */ = {
			isa = PBXNativeTarget;
			buildConfigurationList = F83F9E61266CA2C3008605EE /* Build configuration list for PBXNativeTarget "client-server" */;
			buildPhases = (
				055DD04B5673FC982EA47891 /* [CP] Check Pods Manifest.lock */,
				F83F9E49266CA2BA008605EE /* Sources */,
				F83F9E4A266CA2BA008605EE /* Frameworks */,
				F83F9E4B266CA2BA008605EE /* Resources */,
				4680CA8D185A93F2C2B3BEAE /* [CP] Embed Pods Frameworks */,
			);
			buildRules = (
			);
			dependencies = (
			);
			name = "client-server";
			productName = "client-server";
			productReference = F83F9E4D266CA2BA008605EE /* client-server.app */;
			productType = "com.apple.product-type.application";
		};
/* End PBXNativeTarget section */

/* Begin PBXProject section */
		F83F9E45266CA2BA008605EE /* Project object */ = {
			isa = PBXProject;
			attributes = {
				LastSwiftUpdateCheck = 1240;
				LastUpgradeCheck = 1240;
				TargetAttributes = {
					F83F9E4C266CA2BA008605EE = {
						CreatedOnToolsVersion = 12.4;
					};
				};
			};
			buildConfigurationList = F83F9E48266CA2BA008605EE /* Build configuration list for PBXProject "client-server" */;
			compatibilityVersion = "Xcode 9.3";
			developmentRegion = en;
			hasScannedForEncodings = 0;
			knownRegions = (
				en,
				Base,
			);
			mainGroup = F83F9E44266CA2BA008605EE;
			productRefGroup = F83F9E4E266CA2BA008605EE /* Products */;
			projectDirPath = "";
			projectRoot = "";
			targets = (
				F83F9E4C266CA2BA008605EE /* client-server */,
			);
		};
/* End PBXProject section */

/* Begin PBXResourcesBuildPhase section */
		F83F9E4B266CA2BA008605EE /* Resources */ = {
			isa = PBXResourcesBuildPhase;
			buildActionMask = 2147483647;
			files = (
				F83F9E5D266CA2C3008605EE /* LaunchScreen.storyboard in Resources */,
				F83F9E5A266CA2C3008605EE /* Assets.xcassets in Resources */,
				F83F9E58266CA2BA008605EE /* Main.storyboard in Resources */,
				F83F9EA82678B5B4008605EE /* FriendsTableViewCell.xib in Resources */,
			);
			runOnlyForDeploymentPostprocessing = 0;
		};
/* End PBXResourcesBuildPhase section */

/* Begin PBXShellScriptBuildPhase section */
		055DD04B5673FC982EA47891 /* [CP] Check Pods Manifest.lock */ = {
			isa = PBXShellScriptBuildPhase;
			buildActionMask = 2147483647;
			files = (
			);
			inputFileListPaths = (
			);
			inputPaths = (
				"${PODS_PODFILE_DIR_PATH}/Podfile.lock",
				"${PODS_ROOT}/Manifest.lock",
			);
			name = "[CP] Check Pods Manifest.lock";
			outputFileListPaths = (
			);
			outputPaths = (
				"$(DERIVED_FILE_DIR)/Pods-client-server-checkManifestLockResult.txt",
			);
			runOnlyForDeploymentPostprocessing = 0;
			shellPath = /bin/sh;
			shellScript = "diff \"${PODS_PODFILE_DIR_PATH}/Podfile.lock\" \"${PODS_ROOT}/Manifest.lock\" > /dev/null\nif [ $? != 0 ] ; then\n    # print error to STDERR\n    echo \"error: The sandbox is not in sync with the Podfile.lock. Run 'pod install' or update your CocoaPods installation.\" >&2\n    exit 1\nfi\n# This output is used by Xcode 'outputs' to avoid re-running this script phase.\necho \"SUCCESS\" > \"${SCRIPT_OUTPUT_FILE_0}\"\n";
			showEnvVarsInLog = 0;
		};
		4680CA8D185A93F2C2B3BEAE /* [CP] Embed Pods Frameworks */ = {
			isa = PBXShellScriptBuildPhase;
			buildActionMask = 2147483647;
			files = (
			);
			inputFileListPaths = (
				"${PODS_ROOT}/Target Support Files/Pods-client-server/Pods-client-server-frameworks-${CONFIGURATION}-input-files.xcfilelist",
			);
			name = "[CP] Embed Pods Frameworks";
			outputFileListPaths = (
				"${PODS_ROOT}/Target Support Files/Pods-client-server/Pods-client-server-frameworks-${CONFIGURATION}-output-files.xcfilelist",
			);
			runOnlyForDeploymentPostprocessing = 0;
			shellPath = /bin/sh;
			shellScript = "\"${PODS_ROOT}/Target Support Files/Pods-client-server/Pods-client-server-frameworks.sh\"\n";
			showEnvVarsInLog = 0;
		};
/* End PBXShellScriptBuildPhase section */

/* Begin PBXSourcesBuildPhase section */
		F83F9E49266CA2BA008605EE /* Sources */ = {
			isa = PBXSourcesBuildPhase;
			buildActionMask = 2147483647;
			files = (
				F83F9E9F2678B49A008605EE /* NetworkService.swift in Sources */,
				F83F9E852671D259008605EE /* Group.swift in Sources */,
				F83F9EA22678B59F008605EE /* FriendsTableViewController.swift in Sources */,
				F83F9E55266CA2BA008605EE /* ViewController.swift in Sources */,
				F83F9EA72678B5B4008605EE /* FriendsTableViewCell.swift in Sources */,
				F83F9EB12678B9A4008605EE /* JSONData.swift in Sources */,
				F83F9E51266CA2BA008605EE /* AppDelegate.swift in Sources */,
				F83F9E72266CD005008605EE /* DetailAccountViewController.swift in Sources */,
				F83F9E882671D261008605EE /* Photo.swift in Sources */,
				F83F9E7E266D224D008605EE /* AuthViewController.swift in Sources */,
				F83F9E822671D24E008605EE /* User.swift in Sources */,
				F83F9E6F266CCFEF008605EE /* AccountViewController.swift in Sources */,
				F83F9E53266CA2BA008605EE /* SceneDelegate.swift in Sources */,
				F83F9E76266CD199008605EE /* Account.swift in Sources */,
			);
			runOnlyForDeploymentPostprocessing = 0;
		};
/* End PBXSourcesBuildPhase section */

/* Begin PBXVariantGroup section */
		F83F9E56266CA2BA008605EE /* Main.storyboard */ = {
			isa = PBXVariantGroup;
			children = (
				F83F9E57266CA2BA008605EE /* Base */,
			);
			name = Main.storyboard;
			sourceTree = "<group>";
		};
		F83F9E5B266CA2C3008605EE /* LaunchScreen.storyboard */ = {
			isa = PBXVariantGroup;
			children = (
				F83F9E5C266CA2C3008605EE /* Base */,
			);
			name = LaunchScreen.storyboard;
			sourceTree = "<group>";
		};
/* End PBXVariantGroup section */

/* Begin XCBuildConfiguration section */
		F83F9E5F266CA2C3008605EE /* Debug */ = {
			isa = XCBuildConfiguration;
			buildSettings = {
				ALWAYS_SEARCH_USER_PATHS = NO;
				CLANG_ANALYZER_NONNULL = YES;
				CLANG_ANALYZER_NUMBER_OBJECT_CONVERSION = YES_AGGRESSIVE;
				CLANG_CXX_LANGUAGE_STANDARD = "gnu++14";
				CLANG_CXX_LIBRARY = "libc++";
				CLANG_ENABLE_MODULES = YES;
				CLANG_ENABLE_OBJC_ARC = YES;
				CLANG_ENABLE_OBJC_WEAK = YES;
				CLANG_WARN_BLOCK_CAPTURE_AUTORELEASING = YES;
				CLANG_WARN_BOOL_CONVERSION = YES;
				CLANG_WARN_COMMA = YES;
				CLANG_WARN_CONSTANT_CONVERSION = YES;
				CLANG_WARN_DEPRECATED_OBJC_IMPLEMENTATIONS = YES;
				CLANG_WARN_DIRECT_OBJC_ISA_USAGE = YES_ERROR;
				CLANG_WARN_DOCUMENTATION_COMMENTS = YES;
				CLANG_WARN_EMPTY_BODY = YES;
				CLANG_WARN_ENUM_CONVERSION = YES;
				CLANG_WARN_INFINITE_RECURSION = YES;
				CLANG_WARN_INT_CONVERSION = YES;
				CLANG_WARN_NON_LITERAL_NULL_CONVERSION = YES;
				CLANG_WARN_OBJC_IMPLICIT_RETAIN_SELF = YES;
				CLANG_WARN_OBJC_LITERAL_CONVERSION = YES;
				CLANG_WARN_OBJC_ROOT_CLASS = YES_ERROR;
				CLANG_WARN_QUOTED_INCLUDE_IN_FRAMEWORK_HEADER = YES;
				CLANG_WARN_RANGE_LOOP_ANALYSIS = YES;
				CLANG_WARN_STRICT_PROTOTYPES = YES;
				CLANG_WARN_SUSPICIOUS_MOVE = YES;
				CLANG_WARN_UNGUARDED_AVAILABILITY = YES_AGGRESSIVE;
				CLANG_WARN_UNREACHABLE_CODE = YES;
				CLANG_WARN__DUPLICATE_METHOD_MATCH = YES;
				COPY_PHASE_STRIP = NO;
				DEBUG_INFORMATION_FORMAT = dwarf;
				ENABLE_STRICT_OBJC_MSGSEND = YES;
				ENABLE_TESTABILITY = YES;
				GCC_C_LANGUAGE_STANDARD = gnu11;
				GCC_DYNAMIC_NO_PIC = NO;
				GCC_NO_COMMON_BLOCKS = YES;
				GCC_OPTIMIZATION_LEVEL = 0;
				GCC_PREPROCESSOR_DEFINITIONS = (
					"DEBUG=1",
					"$(inherited)",
				);
				GCC_WARN_64_TO_32_BIT_CONVERSION = YES;
				GCC_WARN_ABOUT_RETURN_TYPE = YES_ERROR;
				GCC_WARN_UNDECLARED_SELECTOR = YES;
				GCC_WARN_UNINITIALIZED_AUTOS = YES_AGGRESSIVE;
				GCC_WARN_UNUSED_FUNCTION = YES;
				GCC_WARN_UNUSED_VARIABLE = YES;
				IPHONEOS_DEPLOYMENT_TARGET = 14.4;
				MTL_ENABLE_DEBUG_INFO = INCLUDE_SOURCE;
				MTL_FAST_MATH = YES;
				ONLY_ACTIVE_ARCH = YES;
				SDKROOT = iphoneos;
				SWIFT_ACTIVE_COMPILATION_CONDITIONS = DEBUG;
				SWIFT_OPTIMIZATION_LEVEL = "-Onone";
			};
			name = Debug;
		};
		F83F9E60266CA2C3008605EE /* Release */ = {
			isa = XCBuildConfiguration;
			buildSettings = {
				ALWAYS_SEARCH_USER_PATHS = NO;
				CLANG_ANALYZER_NONNULL = YES;
				CLANG_ANALYZER_NUMBER_OBJECT_CONVERSION = YES_AGGRESSIVE;
				CLANG_CXX_LANGUAGE_STANDARD = "gnu++14";
				CLANG_CXX_LIBRARY = "libc++";
				CLANG_ENABLE_MODULES = YES;
				CLANG_ENABLE_OBJC_ARC = YES;
				CLANG_ENABLE_OBJC_WEAK = YES;
				CLANG_WARN_BLOCK_CAPTURE_AUTORELEASING = YES;
				CLANG_WARN_BOOL_CONVERSION = YES;
				CLANG_WARN_COMMA = YES;
				CLANG_WARN_CONSTANT_CONVERSION = YES;
				CLANG_WARN_DEPRECATED_OBJC_IMPLEMENTATIONS = YES;
				CLANG_WARN_DIRECT_OBJC_ISA_USAGE = YES_ERROR;
				CLANG_WARN_DOCUMENTATION_COMMENTS = YES;
				CLANG_WARN_EMPTY_BODY = YES;
				CLANG_WARN_ENUM_CONVERSION = YES;
				CLANG_WARN_INFINITE_RECURSION = YES;
				CLANG_WARN_INT_CONVERSION = YES;
				CLANG_WARN_NON_LITERAL_NULL_CONVERSION = YES;
				CLANG_WARN_OBJC_IMPLICIT_RETAIN_SELF = YES;
				CLANG_WARN_OBJC_LITERAL_CONVERSION = YES;
				CLANG_WARN_OBJC_ROOT_CLASS = YES_ERROR;
				CLANG_WARN_QUOTED_INCLUDE_IN_FRAMEWORK_HEADER = YES;
				CLANG_WARN_RANGE_LOOP_ANALYSIS = YES;
				CLANG_WARN_STRICT_PROTOTYPES = YES;
				CLANG_WARN_SUSPICIOUS_MOVE = YES;
				CLANG_WARN_UNGUARDED_AVAILABILITY = YES_AGGRESSIVE;
				CLANG_WARN_UNREACHABLE_CODE = YES;
				CLANG_WARN__DUPLICATE_METHOD_MATCH = YES;
				COPY_PHASE_STRIP = NO;
				DEBUG_INFORMATION_FORMAT = "dwarf-with-dsym";
				ENABLE_NS_ASSERTIONS = NO;
				ENABLE_STRICT_OBJC_MSGSEND = YES;
				GCC_C_LANGUAGE_STANDARD = gnu11;
				GCC_NO_COMMON_BLOCKS = YES;
				GCC_WARN_64_TO_32_BIT_CONVERSION = YES;
				GCC_WARN_ABOUT_RETURN_TYPE = YES_ERROR;
				GCC_WARN_UNDECLARED_SELECTOR = YES;
				GCC_WARN_UNINITIALIZED_AUTOS = YES_AGGRESSIVE;
				GCC_WARN_UNUSED_FUNCTION = YES;
				GCC_WARN_UNUSED_VARIABLE = YES;
				IPHONEOS_DEPLOYMENT_TARGET = 14.4;
				MTL_ENABLE_DEBUG_INFO = NO;
				MTL_FAST_MATH = YES;
				SDKROOT = iphoneos;
				SWIFT_COMPILATION_MODE = wholemodule;
				SWIFT_OPTIMIZATION_LEVEL = "-O";
				VALIDATE_PRODUCT = YES;
			};
			name = Release;
		};
		F83F9E62266CA2C3008605EE /* Debug */ = {
			isa = XCBuildConfiguration;
			baseConfigurationReference = 7D3C54A8355748674D070ED1 /* Pods-client-server.debug.xcconfig */;
			buildSettings = {
				ASSETCATALOG_COMPILER_APPICON_NAME = AppIcon;
				ASSETCATALOG_COMPILER_GLOBAL_ACCENT_COLOR_NAME = AccentColor;
				CODE_SIGN_STYLE = Automatic;
				DEVELOPMENT_TEAM = B85KXA2C24;
				INFOPLIST_FILE = "client-server/Resources/Info.plist";
				LD_RUNPATH_SEARCH_PATHS = (
					"$(inherited)",
					"@executable_path/Frameworks",
				);
				PRODUCT_BUNDLE_IDENTIFIER = "ru.AlexGafarov.client-server";
				PRODUCT_NAME = "$(TARGET_NAME)";
				SWIFT_VERSION = 5.0;
				TARGETED_DEVICE_FAMILY = "1,2";
			};
			name = Debug;
		};
		F83F9E63266CA2C3008605EE /* Release */ = {
			isa = XCBuildConfiguration;
			baseConfigurationReference = 6EED0EBB79FCE98D0B9C00D1 /* Pods-client-server.release.xcconfig */;
			buildSettings = {
				ASSETCATALOG_COMPILER_APPICON_NAME = AppIcon;
				ASSETCATALOG_COMPILER_GLOBAL_ACCENT_COLOR_NAME = AccentColor;
				CODE_SIGN_STYLE = Automatic;
				DEVELOPMENT_TEAM = B85KXA2C24;
				INFOPLIST_FILE = "client-server/Resources/Info.plist";
				LD_RUNPATH_SEARCH_PATHS = (
					"$(inherited)",
					"@executable_path/Frameworks",
				);
				PRODUCT_BUNDLE_IDENTIFIER = "ru.AlexGafarov.client-server";
				PRODUCT_NAME = "$(TARGET_NAME)";
				SWIFT_VERSION = 5.0;
				TARGETED_DEVICE_FAMILY = "1,2";
			};
			name = Release;
		};
/* End XCBuildConfiguration section */

/* Begin XCConfigurationList section */
		F83F9E48266CA2BA008605EE /* Build configuration list for PBXProject "client-server" */ = {
			isa = XCConfigurationList;
			buildConfigurations = (
				F83F9E5F266CA2C3008605EE /* Debug */,
				F83F9E60266CA2C3008605EE /* Release */,
			);
			defaultConfigurationIsVisible = 0;
			defaultConfigurationName = Release;
		};
		F83F9E61266CA2C3008605EE /* Build configuration list for PBXNativeTarget "client-server" */ = {
			isa = XCConfigurationList;
			buildConfigurations = (
				F83F9E62266CA2C3008605EE /* Debug */,
				F83F9E63266CA2C3008605EE /* Release */,
			);
			defaultConfigurationIsVisible = 0;
			defaultConfigurationName = Release;
		};
/* End XCConfigurationList section */
	};
	rootObject = F83F9E45266CA2BA008605EE /* Project object */;
}
